
Microsoft Visual Studio Solution File, Format Version 12.00
# Visual Studio 2013
VisualStudioVersion = 12.0.31101.0
MinimumVisualStudioVersion = 10.0.40219.1
Project("{FAE04EC0-301F-11D3-BF4B-00C04F79EFBC}") = "MvcLibary", "MvcLibary\MvcLibary.csproj", "{5CE76EF1-1F5B-4C3C-9AC2-183E8F8B1CE6}"
EndProject
Project("{FAE04EC0-301F-11D3-BF4B-00C04F79EFBC}") = "WebLibrary", "WebLibrary\WebLibrary.csproj", "{98C6340A-E790-450A-BA6A-ACBB568D01B3}"
EndProject
Project("{FAE04EC0-301F-11D3-BF4B-00C04F79EFBC}") = "WebLibrary.Auth", "WebLibrary.Auth\WebLibrary.Auth.csproj", "{3D2D7DF5-DC8E-4B06-BCF2-9E574F105B1D}"
EndProject
Project("{FAE04EC0-301F-11D3-BF4B-00C04F79EFBC}") = "WebLibrary.Article", "WebLibrary.Article\WebLibrary.Article.csproj", "{CA3C720D-B72B-472B-8090-EA7CB531419D}"
EndProject
Global
	GlobalSection(SolutionConfigurationPlatforms) = preSolution
		Debug|Any CPU = Debug|Any CPU
		Release|Any CPU = Release|Any CPU
	EndGlobalSection
	GlobalSection(ProjectConfigurationPlatforms) = postSolution
		{5CE76EF1-1F5B-4C3C-9AC2-183E8F8B1CE6}.Debug|Any CPU.ActiveCfg = Debug|Any CPU
		{5CE76EF1-1F5B-4C3C-9AC2-183E8F8B1CE6}.Debug|Any CPU.Build.0 = Debug|Any CPU
		{5CE76EF1-1F5B-4C3C-9AC2-183E8F8B1CE6}.Release|Any CPU.ActiveCfg = Release|Any CPU
		{5CE76EF1-1F5B-4C3C-9AC2-183E8F8B1CE6}.Release|Any CPU.Build.0 = Release|Any CPU
		{98C6340A-E790-450A-BA6A-ACBB568D01B3}.Debug|Any CPU.ActiveCfg = Debug|Any CPU
		{98C6340A-E790-450A-BA6A-ACBB568D01B3}.Debug|Any CPU.Build.0 = Debug|Any CPU
		{98C6340A-E790-450A-BA6A-ACBB568D01B3}.Release|Any CPU.ActiveCfg = Release|Any CPU
		{98C6340A-E790-450A-BA6A-ACBB568D01B3}.Release|Any CPU.Build.0 = Release|Any CPU
		{3D2D7DF5-DC8E-4B06-BCF2-9E574F105B1D}.Debug|Any CPU.ActiveCfg = Debug|Any CPU
		{3D2D7DF5-DC8E-4B06-BCF2-9E574F105B1D}.Debug|Any CPU.Build.0 = Debug|Any CPU
		{3D2D7DF5-DC8E-4B06-BCF2-9E574F105B1D}.Release|Any CPU.ActiveCfg = Release|Any CPU
		{3D2D7DF5-DC8E-4B06-BCF2-9E574F105B1D}.Release|Any CPU.Build.0 = Release|Any CPU
		{CA3C720D-B72B-472B-8090-EA7CB531419D}.Debug|Any CPU.ActiveCfg = Debug|Any CPU
		{CA3C720D-B72B-472B-8090-EA7CB531419D}.Debug|Any CPU.Build.0 = Debug|Any CPU
		{CA3C720D-B72B-472B-8090-EA7CB531419D}.Release|Any CPU.ActiveCfg = Release|Any CPU
		{CA3C720D-B72B-472B-8090-EA7CB531419D}.Release|Any CPU.Build.0 = Release|Any CPU
	EndGlobalSection
	GlobalSection(SolutionProperties) = preSolution
		HideSolutionNode = FALSE
	EndGlobalSection
EndGlobal
